// !$*UTF8*$!
{
	archiveVersion = 1;
	classes = {
	};
	objectVersion = 46;
	objects = {

/* Begin PBXBuildFile section */
		861C297B1E40572000F2358C /* main.m in Sources */ = {isa = PBXBuildFile; fileRef = 861C297A1E40572000F2358C /* main.m */; };
		861C297E1E40572000F2358C /* AppDelegate.m in Sources */ = {isa = PBXBuildFile; fileRef = 861C297D1E40572000F2358C /* AppDelegate.m */; };
		861C29811E40572000F2358C /* ViewController.m in Sources */ = {isa = PBXBuildFile; fileRef = 861C29801E40572000F2358C /* ViewController.m */; };
		861C29841E40572000F2358C /* Main.storyboard in Resources */ = {isa = PBXBuildFile; fileRef = 861C29821E40572000F2358C /* Main.storyboard */; };
		861C29871E40572000F2358C /* gitTest.xcdatamodeld in Sources */ = {isa = PBXBuildFile; fileRef = 861C29851E40572000F2358C /* gitTest.xcdatamodeld */; };
		861C29891E40572000F2358C /* Assets.xcassets in Resources */ = {isa = PBXBuildFile; fileRef = 861C29881E40572000F2358C /* Assets.xcassets */; };
		861C298C1E40572000F2358C /* LaunchScreen.storyboard in Resources */ = {isa = PBXBuildFile; fileRef = 861C298A1E40572000F2358C /* LaunchScreen.storyboard */; };
/* End PBXBuildFile section */

/* Begin PBXFileReference section */
		861C29761E40572000F2358C /* gitTest.app */ = {isa = PBXFileReference; explicitFileType = wrapper.application; includeInIndex = 0; path = gitTest.app; sourceTree = BUILT_PRODUCTS_DIR; };
		861C297A1E40572000F2358C /* main.m */ = {isa = PBXFileReference; lastKnownFileType = sourcecode.c.objc; path = main.m; sourceTree = "<group>"; };
		861C297C1E40572000F2358C /* AppDelegate.h */ = {isa = PBXFileReference; lastKnownFileType = sourcecode.c.h; path = AppDelegate.h; sourceTree = "<group>"; };
		861C297D1E40572000F2358C /* AppDelegate.m */ = {isa = PBXFileReference; lastKnownFileType = sourcecode.c.objc; path = AppDelegate.m; sourceTree = "<group>"; };
		861C297F1E40572000F2358C /* ViewController.h */ = {isa = PBXFileReference; lastKnownFileType = sourcecode.c.h; path = ViewController.h; sourceTree = "<group>"; };
		861C29801E40572000F2358C /* ViewController.m */ = {isa = PBXFileReference; lastKnownFileType = sourcecode.c.objc; path = ViewController.m; sourceTree = "<group>"; };
		861C29831E40572000F2358C /* Base */ = {isa = PBXFileReference; lastKnownFileType = file.storyboard; name = Base; path = Base.lproj/Main.storyboard; sourceTree = "<group>"; };
		861C29861E40572000F2358C /* gitTest.xcdatamodel */ = {isa = PBXFileReference; lastKnownFileType = wrapper.xcdatamodel; path = gitTest.xcdatamodel; sourceTree = "<group>"; };
		861C29881E40572000F2358C /* Assets.xcassets */ = {isa = PBXFileReference; lastKnownFileType = folder.assetcatalog; path = Assets.xcassets; sourceTree = "<group>"; };
		861C298B1E40572000F2358C /* Base */ = {isa = PBXFileReference; lastKnownFileType = file.storyboard; name = Base; path = Base.lproj/LaunchScreen.storyboard; sourceTree = "<group>"; };
		861C298D1E40572000F2358C /* Info.plist */ = {isa = PBXFileReference; lastKnownFileType = text.plist.xml; path = Info.plist; sourceTree = "<group>"; };
/* End PBXFileReference section */

/* Begin PBXFrameworksBuildPhase section */
		861C29731E40572000F2358C /* Frameworks */ = {
			isa = PBXFrameworksBuildPhase;
			buildActionMask = 2147483647;
			files = (
			);
			runOnlyForDeploymentPostprocessing = 0;
		};
/* End PBXFrameworksBuildPhase section */

/* Begin PBXGroup section */
		861C296D1E40572000F2358C = {
			isa = PBXGroup;
			children = (
				861C29781E40572000F2358C /* gitTest */,
				861C29771E40572000F2358C /* Products */,
			);
			sourceTree = "<group>";
		};
		861C29771E40572000F2358C /* Products */ = {
			isa = PBXGroup;
			children = (
				861C29761E40572000F2358C /* gitTest.app */,
			);
			name = Products;
			sourceTree = "<group>";
		};
		861C29781E40572000F2358C /* gitTest */ = {
			isa = PBXGroup;
			children = (
				861C297C1E40572000F2358C /* AppDelegate.h */,
				861C297D1E40572000F2358C /* AppDelegate.m */,
				861C297F1E40572000F2358C /* ViewController.h */,
				861C29801E40572000F2358C /* ViewController.m */,
				861C29821E40572000F2358C /* Main.storyboard */,
				861C29881E40572000F2358C /* Assets.xcassets */,
				861C298A1E40572000F2358C /* LaunchScreen.storyboard */,
				861C298D1E40572000F2358C /* Info.plist */,
				861C29851E40572000F2358C /* gitTest.xcdatamodeld */,
				861C29791E40572000F2358C /* Supporting Files */,
			);
			path = gitTest;
			sourceTree = "<group>";
		};
		861C29791E40572000F2358C /* Supporting Files */ = {
			isa = PBXGroup;
			children = (
				861C297A1E40572000F2358C /* main.m */,
			);
			name = "Supporting Files";
			sourceTree = "<group>";
		};
/* End PBXGroup section */

/* Begin PBXNativeTarget section */
		861C29751E40572000F2358C /* gitTest */ = {
			isa = PBXNativeTarget;
			buildConfigurationList = 861C29901E40572000F2358C /* Build configuration list for PBXNativeTarget "gitTest" */;
			buildPhases = (
				861C29721E40572000F2358C /* Sources */,
				861C29731E40572000F2358C /* Frameworks */,
				861C29741E40572000F2358C /* Resources */,
			);
			buildRules = (
			);
			dependencies = (
			);
			name = gitTest;
			productName = gitTest;
			productReference = 861C29761E40572000F2358C /* gitTest.app */;
			productType = "com.apple.product-type.application";
		};
/* End PBXNativeTarget section */

/* Begin PBXProject section */
		861C296E1E40572000F2358C /* Project object */ = {
			isa = PBXProject;
			attributes = {
				LastUpgradeCheck = 0820;
				ORGANIZATIONNAME = Soo;
				TargetAttributes = {
					861C29751E40572000F2358C = {
						CreatedOnToolsVersion = 8.2.1;
						DevelopmentTeam = 98GE6P4VHB;
						ProvisioningStyle = Automatic;
					};
				};
			};
			buildConfigurationList = 861C29711E40572000F2358C /* Build configuration list for PBXProject "gitTest" */;
			compatibilityVersion = "Xcode 3.2";
			developmentRegion = English;
			hasScannedForEncodings = 0;
			knownRegions = (
				en,
				Base,
			);
			mainGroup = 861C296D1E40572000F2358C;
			productRefGroup = 861C29771E40572000F2358C /* Products */;
			projectDirPath = "";
			projectRoot = "";
			targets = (
				861C29751E40572000F2358C /* gitTest */,
			);
		};
/* End PBXProject section */

/* Begin PBXResourcesBuildPhase section */
		861C29741E40572000F2358C /* Resources */ = {
			isa = PBXResourcesBuildPhase;
			buildActionMask = 2147483647;
			files = (
				861C298C1E40572000F2358C /* LaunchScreen.storyboard in Resources */,
				861C29891E40572000F2358C /* Assets.xcassets in Resources */,
				861C29841E40572000F2358C /* Main.storyboard in Resources */,
			);
			runOnlyForDeploymentPostprocessing = 0;
		};
/* End PBXResourcesBuildPhase section */

/* Begin PBXSourcesBuildPhase section */
		861C29721E40572000F2358C /* Sources */ = {
			isa = PBXSourcesBuildPhase;
			buildActionMask = 2147483647;
			files = (
				861C29871E40572000F2358C /* gitTest.xcdatamodeld in Sources */,
				861C29811E40572000F2358C /* ViewController.m in Sources */,
				861C297E1E40572000F2358C /* AppDelegate.m in Sources */,
				861C297B1E40572000F2358C /* main.m in Sources */,
			);
			runOnlyForDeploymentPostprocessing = 0;
		};
/* End PBXSourcesBuildPhase section */

/* Begin PBXVariantGroup section */
		861C29821E40572000F2358C /* Main.storyboard */ = {
			isa = PBXVariantGroup;
			children = (
				861C29831E40572000F2358C /* Base */,
			);
			name = Main.storyboard;
			sourceTree = "<group>";
		};
		861C298A1E40572000F2358C /* LaunchScreen.storyboard */ = {
			isa = PBXVariantGroup;
			children = (
				861C298B1E40572000F2358C /* Base */,
			);
			name = LaunchScreen.storyboard;
			sourceTree = "<group>";
		};
/* End PBXVariantGroup section */

/* Begin XCBuildConfiguration section */
		861C298E1E40572000F2358C /* Debug */ = {
			isa = XCBuildConfiguration;
			buildSettings = {
				ALWAYS_SEARCH_USER_PATHS = NO;
				CLANG_ANALYZER_NONNULL = YES;
				CLANG_CXX_LANGUAGE_STANDARD = "gnu++0x";
				CLANG_CXX_LIBRARY = "libc++";
				CLANG_ENABLE_MODULES = YES;
				CLANG_ENABLE_OBJC_ARC = YES;
				CLANG_WARN_BOOL_CONVERSION = YES;
				CLANG_WARN_CONSTANT_CONVERSION = YES;
				CLANG_WARN_DIRECT_OBJC_ISA_USAGE = YES_ERROR;
				CLANG_WARN_DOCUMENTATION_COMMENTS = YES;
				CLANG_WARN_EMPTY_BODY = YES;
				CLANG_WARN_ENUM_CONVERSION = YES;
				CLANG_WARN_INFINITE_RECURSION = YES;
				CLANG_WARN_INT_CONVERSION = YES;
				CLANG_WARN_OBJC_ROOT_CLASS = YES_ERROR;
				CLANG_WARN_SUSPICIOUS_MOVE = YES;
				CLANG_WARN_UNREACHABLE_CODE = YES;
				CLANG_WARN__DUPLICATE_METHOD_MATCH = YES;
				"CODE_SIGN_IDENTITY[sdk=iphoneos*]" = "iPhone Developer";
				COPY_PHASE_STRIP = NO;
				DEBUG_INFORMATION_FORMAT = dwarf;
				ENABLE_STRICT_OBJC_MSGSEND = YES;
				ENABLE_TESTABILITY = YES;
				GCC_C_LANGUAGE_STANDARD = gnu99;
				GCC_DYNAMIC_NO_PIC = NO;
				GCC_NO_COMMON_BLOCKS = YES;
				GCC_OPTIMIZATION_LEVEL = 0;
				GCC_PREPROCESSOR_DEFINITIONS = (
					"DEBUG=1",
					"$(inherited)",
				);
				GCC_WARN_64_TO_32_BIT_CONVERSION = YES;
				GCC_WARN_ABOUT_RETURN_TYPE = YES_ERROR;
				GCC_WARN_UNDECLARED_SELECTOR = YES;
				GCC_WARN_UNINITIALIZED_AUTOS = YES_AGGRESSIVE;
				GCC_WARN_UNUSED_FUNCTION = YES;
				GCC_WARN_UNUSED_VARIABLE = YES;
				IPHONEOS_DEPLOYMENT_TARGET = 10.2;
				MTL_ENABLE_DEBUG_INFO = YES;
				ONLY_ACTIVE_ARCH = YES;
				SDKROOT = iphoneos;
				TARGETED_DEVICE_FAMILY = "1,2";
			};
			name = Debug;
		};
		861C298F1E40572000F2358C /* Release */ = {
			isa = XCBuildConfiguration;
			buildSettings = {
				ALWAYS_SEARCH_USER_PATHS = NO;
				CLANG_ANALYZER_NONNULL = YES;
				CLANG_CXX_LANGUAGE_STANDARD = "gnu++0x";
				CLANG_CXX_LIBRARY = "libc++";
				CLANG_ENABLE_MODULES = YES;
				CLANG_ENABLE_OBJC_ARC = YES;
				CLANG_WARN_BOOL_CONVERSION = YES;
				CLANG_WARN_CONSTANT_CONVERSION = YES;
				CLANG_WARN_DIRECT_OBJC_ISA_USAGE = YES_ERROR;
				CLANG_WARN_DOCUMENTATION_COMMENTS = YES;
				CLANG_WARN_EMPTY_BODY = YES;
				CLANG_WARN_ENUM_CONVERSION = YES;
				CLANG_WARN_INFINITE_RECURSION = YES;
				CLANG_WARN_INT_CONVERSION = YES;
				CLANG_WARN_OBJC_ROOT_CLASS = YES_ERROR;
				CLANG_WARN_SUSPICIOUS_MOVE = YES;
				CLANG_WARN_UNREACHABLE_CODE = YES;
				CLANG_WARN__DUPLICATE_METHOD_MATCH = YES;
				"CODE_SIGN_IDENTITY[sdk=iphoneos*]" = "iPhone Developer";
				COPY_PHASE_STRIP = NO;
				DEBUG_INFORMATION_FORMAT = "dwarf-with-dsym";
				ENABLE_NS_ASSERTIONS = NO;
				ENABLE_STRICT_OBJC_MSGSEND = YES;
				GCC_C_LANGUAGE_STANDARD = gnu99;
				GCC_NO_COMMON_BLOCKS = YES;
				GCC_WARN_64_TO_32_BIT_CONVERSION = YES;
				GCC_WARN_ABOUT_RETURN_TYPE = YES_ERROR;
				GCC_WARN_UNDECLARED_SELECTOR = YES;
				GCC_WARN_UNINITIALIZED_AUTOS = YES_AGGRESSIVE;
				GCC_WARN_UNUSED_FUNCTION = YES;
				GCC_WARN_UNUSED_VARIABLE = YES;
				IPHONEOS_DEPLOYMENT_TARGET = 10.2;
				MTL_ENABLE_DEBUG_INFO = NO;
				SDKROOT = iphoneos;
				TARGETED_DEVICE_FAMILY = "1,2";
				VALIDATE_PRODUCT = YES;
			};
			name = Release;
		};
		861C29911E40572000F2358C /* Debug */ = {
			isa = XCBuildConfiguration;
			buildSettings = {
				ASSETCATALOG_COMPILER_APPICON_NAME = AppIcon;
				DEVELOPMENT_TEAM = 98GE6P4VHB;
				INFOPLIST_FILE = gitTest/Info.plist;
				LD_RUNPATH_SEARCH_PATHS = "$(inherited) @executable_path/Frameworks";
				PRODUCT_BUNDLE_IDENTIFIER = com.enbsoft.test.gitTest;
				PRODUCT_NAME = "$(TARGET_NAME)";
			};
			name = Debug;
		};
		861C29921E40572000F2358C /* Release */ = {
			isa = XCBuildConfiguration;
			buildSettings = {
				ASSETCATALOG_COMPILER_APPICON_NAME = AppIcon;
				DEVELOPMENT_TEAM = 98GE6P4VHB;
				INFOPLIST_FILE = gitTest/Info.plist;
				LD_RUNPATH_SEARCH_PATHS = "$(inherited) @executable_path/Frameworks";
				PRODUCT_BUNDLE_IDENTIFIER = com.enbsoft.test.gitTest;
				PRODUCT_NAME = "$(TARGET_NAME)";
			};
			name = Release;
		};
/* End XCBuildConfiguration section */

/* Begin XCConfigurationList section */
		861C29711E40572000F2358C /* Build configuration list for PBXProject "gitTest" */ = {
			isa = XCConfigurationList;
			buildConfigurations = (
				861C298E1E40572000F2358C /* Debug */,
				861C298F1E40572000F2358C /* Release */,
			);
			defaultConfigurationIsVisible = 0;
			defaultConfigurationName = Release;
		};
		861C29901E40572000F2358C /* Build configuration list for PBXNativeTarget "gitTest" */ = {
			isa = XCConfigurationList;
			buildConfigurations = (
				861C29911E40572000F2358C /* Debug */,
				861C29921E40572000F2358C /* Release */,
			);
			defaultConfigurationIsVisible = 0;
		};
/* End XCConfigurationList section */

/* Begin XCVersionGroup section */
		861C29851E40572000F2358C /* gitTest.xcdatamodeld */ = {
			isa = XCVersionGroup;
			children = (
				861C29861E40572000F2358C /* gitTest.xcdatamodel */,
			);
			currentVersion = 861C29861E40572000F2358C /* gitTest.xcdatamodel */;
			path = gitTest.xcdatamodeld;
			sourceTree = "<group>";
			versionGroupType = wrapper.xcdatamodel;
		};
/* End XCVersionGroup section */
	};
	rootObject = 861C296E1E40572000F2358C /* Project object */;
}
